{
  "nodes": {
    "nixpkgs": {
      "locked": {
        "lastModified": 1769170682,
        "narHash": "sha256-nlVMTH3lSEtF+jygHr2bRqCxEcceCz3UzA9wsyO+RB4=",
        "rev": "c5296fdd05cfa2c187990dd909864da9658df755",
        "type": "tarball",
        "url": "https://releases.nixos.org/nixos/unstable/nixos-26.05pre933481.c5296fdd05cf/nixexprs.tar.xz"
      },
      "original": {
        "type": "tarball",
        "url": "https://channels.nixos.org/nixos-unstable/nixexprs.tar.xz"
      }
    },
    "root": {
      "inputs": {
        "nixpkgs": "nixpkgs"
      }
    }
  },
  "root": "root",
  "version": 7
}
